
Microsoft Visual Studio Solution File, Format Version 12.00
# Visual Studio 15
VisualStudioVersion = 15.0.28307.168
MinimumVisualStudioVersion = 10.0.40219.1
Project("{FAE04EC0-301F-11D3-BF4B-00C04F79EFBC}") = "AbilityRealizer", "AbilityRealizer\AbilityRealizer.csproj", "{14C989E9-7199-4997-BC54-C7704AE1BE89}"
EndProject
Project("{2150E333-8FDC-42A3-9474-1A3956D46DE8}") = "Solution Items", "Solution Items", "{BC6B6323-924F-48FE-BD27-CBF6B7F6604B}"
	ProjectSection(SolutionItems) = preProject
		mod.json = mod.json
		README.md = README.md
	EndProjectSection
EndProject
Global
	GlobalSection(SolutionConfigurationPlatforms) = preSolution
		Debug|Any CPU = Debug|Any CPU
		Release|Any CPU = Release|Any CPU
	EndGlobalSection
	GlobalSection(ProjectConfigurationPlatforms) = postSolution
		{14C989E9-7199-4997-BC54-C7704AE1BE89}.Debug|Any CPU.ActiveCfg = Debug|Any CPU
		{14C989E9-7199-4997-BC54-C7704AE1BE89}.Debug|Any CPU.Build.0 = Debug|Any CPU
		{14C989E9-7199-4997-BC54-C7704AE1BE89}.Release|Any CPU.ActiveCfg = Release|Any CPU
		{14C989E9-7199-4997-BC54-C7704AE1BE89}.Release|Any CPU.Build.0 = Release|Any CPU
	EndGlobalSection
	GlobalSection(SolutionProperties) = preSolution
		HideSolutionNode = FALSE
	EndGlobalSection
	GlobalSection(ExtensibilityGlobals) = postSolution
		SolutionGuid = {13B7F767-C91A-4A4A-8909-619C3DFDBD3B}
	EndGlobalSection
EndGlobal
